{
  "lockfileVersion": 1,
  "configVersion": 1,
  "workspaces": {
    "": {
      "name": "@beeman/validator-lab",
      "peerDependencies": {
        "@solana/kit": "^5.4.0",
      },
    },
  },
  "packages": {
    "@solana/accounts": ["@solana/accounts@5.4.0", "", { "dependencies": { "@solana/addresses": "5.4.0", "@solana/codecs-core": "5.4.0", "@solana/codecs-strings": "5.4.0", "@solana/errors": "5.4.0", "@solana/rpc-spec": "5.4.0", "@solana/rpc-types": "5.4.0" }, "peerDependencies": { "typescript": "^5.0.0" }, "optionalPeers": ["typescript"] }, "sha512-qHtAtwCcCFTXcya6JOOG1nzYicivivN/JkcYNHr10qOp9b4MVRkfW1ZAAG1CNzjMe5+mwtEl60RwdsY9jXNb+Q=="],

    "@solana/addresses": ["@solana/addresses@5.4.0", "", { "dependencies": { "@solana/assertions": "5.4.0", "@solana/codecs-core": "5.4.0", "@solana/codecs-strings": "5.4.0", "@solana/errors": "5.4.0", "@solana/nominal-types": "5.4.0" }, "peerDependencies": { "typescript": "^5.0.0" }, "optionalPeers": ["typescript"] }, "sha512-YRHiH30S8qDV4bZ+mtEk589PGfBuXHzD/fK2Z+YI5f/+s+yi/5le/fVw7PN6LxnnmVQKiRCDUiNF+WmFFKi6QQ=="],

    "@solana/assertions": ["@solana/assertions@5.4.0", "", { "dependencies": { "@solana/errors": "5.4.0" }, "peerDependencies": { "typescript": "^5.0.0" }, "optionalPeers": ["typescript"] }, "sha512-8EP7mkdnrPc9y67FqWeAPzdWq2qAOkxsuo+ZBIXNWtIixDtXIdHrgjZ/wqbWxLgSTtXEfBCjpZU55Xw2Qfbwyg=="],

    "@solana/codecs": ["@solana/codecs@5.4.0", "", { "dependencies": { "@solana/codecs-core": "5.4.0", "@solana/codecs-data-structures": "5.4.0", "@solana/codecs-numbers": "5.4.0", "@solana/codecs-strings": "5.4.0", "@solana/options": "5.4.0" }, "peerDependencies": { "typescript": "^5.0.0" }, "optionalPeers": ["typescript"] }, "sha512-IbDCUvNX0MrkQahxiXj9rHzkd/fYfp1F2nTJkHGH8v+vPfD+YPjl007ZBM38EnCeXj/Xn+hxqBBivPvIHP29dA=="],

    "@solana/codecs-core": ["@solana/codecs-core@5.4.0", "", { "dependencies": { "@solana/errors": "5.4.0" }, "peerDependencies": { "typescript": "^5.0.0" }, "optionalPeers": ["typescript"] }, "sha512-rQ5jXgiDe2vIU+mYCHDjgwMd9WdzZfh4sc5H6JgYleAUjeTUX6mx8hTV2+pcXvvn27LPrgrt9jfxswbDb8O8ww=="],

    "@solana/codecs-data-structures": ["@solana/codecs-data-structures@5.4.0", "", { "dependencies": { "@solana/codecs-core": "5.4.0", "@solana/codecs-numbers": "5.4.0", "@solana/errors": "5.4.0" }, "peerDependencies": { "typescript": "^5.0.0" }, "optionalPeers": ["typescript"] }, "sha512-LVssbdQ1GfY6upnxW3mufYsNfvTWKnHNk5Hx2gHuOYJhm3HZlp+Y8zvuoY65G1d1xAXkPz5YVGxaSeVIRWLGWg=="],

    "@solana/codecs-numbers": ["@solana/codecs-numbers@5.4.0", "", { "dependencies": { "@solana/codecs-core": "5.4.0", "@solana/errors": "5.4.0" }, "peerDependencies": { "typescript": "^5.0.0" }, "optionalPeers": ["typescript"] }, "sha512-z6LMkY+kXWx1alrvIDSAxexY5QLhsso638CjM7XI1u6dB7drTLWKhifyjnm1vOQc1VPVFmbYxTgKKpds8TY8tg=="],

    "@solana/codecs-strings": ["@solana/codecs-strings@5.4.0", "", { "dependencies": { "@solana/codecs-core": "5.4.0", "@solana/codecs-numbers": "5.4.0", "@solana/errors": "5.4.0" }, "peerDependencies": { "fastestsmallesttextencoderdecoder": "^1.0.22", "typescript": "^5.0.0" }, "optionalPeers": ["fastestsmallesttextencoderdecoder", "typescript"] }, "sha512-w0trrjfQDhkCVz7O1GTmHBk9m+MkljKx2uNBbQAD3/yW2Qn9dYiTrZ1/jDVq0/+lPPAUkbT3s3Yo7HUZ2QFmHw=="],

    "@solana/errors": ["@solana/errors@5.4.0", "", { "dependencies": { "chalk": "5.6.2", "commander": "14.0.2" }, "peerDependencies": { "typescript": "^5.0.0" }, "optionalPeers": ["typescript"], "bin": { "errors": "bin/cli.mjs" } }, "sha512-hNoAOmlZAszaVBrAy1Jf7amHJ8wnUnTU0BqhNQXknbSvirvsYr81yEud2iq18YiCqhyJ9SuQ5kWrSAT0x7S0oA=="],

    "@solana/fast-stable-stringify": ["@solana/fast-stable-stringify@5.4.0", "", { "peerDependencies": { "typescript": "^5.0.0" }, "optionalPeers": ["typescript"] }, "sha512-KB7PUL7yalPvbWCezzyUDVRDp39eHLPH7OJ6S8VFT8YNIFUANwwj5ctui50Fim76kvSYDdYJOclXV45O2gfQ8Q=="],

    "@solana/functional": ["@solana/functional@5.4.0", "", { "peerDependencies": { "typescript": "^5.0.0" }, "optionalPeers": ["typescript"] }, "sha512-32ghHO0bg6GgX/7++0/7Lps6RgeXD2gKF1okiuyEGuVfKENIapgaQdcGhUwb3q6D6fv6MRAVn/Yve4jopGVNMQ=="],

    "@solana/instruction-plans": ["@solana/instruction-plans@5.4.0", "", { "dependencies": { "@solana/errors": "5.4.0", "@solana/instructions": "5.4.0", "@solana/keys": "5.4.0", "@solana/promises": "5.4.0", "@solana/transaction-messages": "5.4.0", "@solana/transactions": "5.4.0" }, "peerDependencies": { "typescript": "^5.0.0" }, "optionalPeers": ["typescript"] }, "sha512-5xbJ+I/pP2aWECmK75bEM1zCnIITlohAK83dVN+t5X2vBFrr6M9gifo8r4Opdnibsgo6QVVkKPxRo5zow5j0ig=="],

    "@solana/instructions": ["@solana/instructions@5.4.0", "", { "dependencies": { "@solana/codecs-core": "5.4.0", "@solana/errors": "5.4.0" }, "peerDependencies": { "typescript": "^5.0.0" }, "optionalPeers": ["typescript"] }, "sha512-//a7jpHbNoAgTqy3YyqG1X6QhItJLKzJa6zuYJGCwaAAJye7BxS9pxJBgb2mUt7CGidhUksf+U8pmLlxCNWYyg=="],

    "@solana/keys": ["@solana/keys@5.4.0", "", { "dependencies": { "@solana/assertions": "5.4.0", "@solana/codecs-core": "5.4.0", "@solana/codecs-strings": "5.4.0", "@solana/errors": "5.4.0", "@solana/nominal-types": "5.4.0" }, "peerDependencies": { "typescript": "^5.0.0" }, "optionalPeers": ["typescript"] }, "sha512-zQVbAwdoXorgXjlhlVTZaymFG6N8n1zn2NT+xI6S8HtbrKIB/42xPdXFh+zIihGzRw+9k8jzU7Axki/IPm6qWQ=="],

    "@solana/kit": ["@solana/kit@5.4.0", "", { "dependencies": { "@solana/accounts": "5.4.0", "@solana/addresses": "5.4.0", "@solana/codecs": "5.4.0", "@solana/errors": "5.4.0", "@solana/functional": "5.4.0", "@solana/instruction-plans": "5.4.0", "@solana/instructions": "5.4.0", "@solana/keys": "5.4.0", "@solana/offchain-messages": "5.4.0", "@solana/plugin-core": "5.4.0", "@solana/programs": "5.4.0", "@solana/rpc": "5.4.0", "@solana/rpc-api": "5.4.0", "@solana/rpc-parsed-types": "5.4.0", "@solana/rpc-spec-types": "5.4.0", "@solana/rpc-subscriptions": "5.4.0", "@solana/rpc-types": "5.4.0", "@solana/signers": "5.4.0", "@solana/sysvars": "5.4.0", "@solana/transaction-confirmation": "5.4.0", "@solana/transaction-messages": "5.4.0", "@solana/transactions": "5.4.0" }, "peerDependencies": { "typescript": "^5.0.0" }, "optionalPeers": ["typescript"] }, "sha512-aVjN26jOEzJA6UBYxSTQciZPXgTxWnO/WysHrw+yeBL/5AaTZnXEgb4j5xV6cUFzOlVxhJBrx51xtoxSqJ0u3g=="],

    "@solana/nominal-types": ["@solana/nominal-types@5.4.0", "", { "peerDependencies": { "typescript": "^5.0.0" }, "optionalPeers": ["typescript"] }, "sha512-h4dTRQwTerzksE5B1WmObN6TvLo8dYUd7kpUUynGd8WJjK0zz3zkDhq0MkA3aF6A1C2C82BSGqSsN9EN0E6Exg=="],

    "@solana/offchain-messages": ["@solana/offchain-messages@5.4.0", "", { "dependencies": { "@solana/addresses": "5.4.0", "@solana/codecs-core": "5.4.0", "@solana/codecs-data-structures": "5.4.0", "@solana/codecs-numbers": "5.4.0", "@solana/codecs-strings": "5.4.0", "@solana/errors": "5.4.0", "@solana/keys": "5.4.0", "@solana/nominal-types": "5.4.0" }, "peerDependencies": { "typescript": "^5.0.0" }, "optionalPeers": ["typescript"] }, "sha512-DjdlYJCcKfgh4dkdk+owH1bP+Q4BRqCs55mgWWp9PTwm/HHy/a5vcMtCi1GyIQXfhtNNvKBLbXrUE0Fxej8qlg=="],

    "@solana/options": ["@solana/options@5.4.0", "", { "dependencies": { "@solana/codecs-core": "5.4.0", "@solana/codecs-data-structures": "5.4.0", "@solana/codecs-numbers": "5.4.0", "@solana/codecs-strings": "5.4.0", "@solana/errors": "5.4.0" }, "peerDependencies": { "typescript": "^5.0.0" }, "optionalPeers": ["typescript"] }, "sha512-h4vTWRChEXPhaHo9i1pCyQBWWs+NqYPQRXSAApqpUYvHb9Kct/C6KbHjfyaRMyqNQnDHLcJCX7oW9tk0iRDzIg=="],

    "@solana/plugin-core": ["@solana/plugin-core@5.4.0", "", { "peerDependencies": { "typescript": "^5.0.0" }, "optionalPeers": ["typescript"] }, "sha512-e1aLGLldW7C5113qTOjFYSGq95a4QC9TWb77iq+8l6h085DcNj+195r4E2zKaINrevQjQTwvxo00oUyHP7hSJA=="],

    "@solana/programs": ["@solana/programs@5.4.0", "", { "dependencies": { "@solana/addresses": "5.4.0", "@solana/errors": "5.4.0" }, "peerDependencies": { "typescript": "^5.0.0" }, "optionalPeers": ["typescript"] }, "sha512-Sc90WK9ZZ7MghOflIvkrIm08JwsFC99yqSJy28/K+hDP2tcx+1x+H6OFP9cumW9eUA1+JVRDeKAhA8ak7e/kUA=="],

    "@solana/promises": ["@solana/promises@5.4.0", "", { "peerDependencies": { "typescript": "^5.0.0" }, "optionalPeers": ["typescript"] }, "sha512-23mfgNBbuP6Q+4vsixGy+GkyZ7wBLrxTBNXqrG/XWrJhjuuSkjEUGaK4Fx5o7LIrBi6KGqPknKxmTlvqnJhy2Q=="],

    "@solana/rpc": ["@solana/rpc@5.4.0", "", { "dependencies": { "@solana/errors": "5.4.0", "@solana/fast-stable-stringify": "5.4.0", "@solana/functional": "5.4.0", "@solana/rpc-api": "5.4.0", "@solana/rpc-spec": "5.4.0", "@solana/rpc-spec-types": "5.4.0", "@solana/rpc-transformers": "5.4.0", "@solana/rpc-transport-http": "5.4.0", "@solana/rpc-types": "5.4.0" }, "peerDependencies": { "typescript": "^5.0.0" }, "optionalPeers": ["typescript"] }, "sha512-S6GRG+usnubDs0JSpgc0ZWEh9IPL5KPWMuBoD8ggGVOIVWntp53FpvhYslNzbxWBXlTvJecr2todBipGVM/AqQ=="],

    "@solana/rpc-api": ["@solana/rpc-api@5.4.0", "", { "dependencies": { "@solana/addresses": "5.4.0", "@solana/codecs-core": "5.4.0", "@solana/codecs-strings": "5.4.0", "@solana/errors": "5.4.0", "@solana/keys": "5.4.0", "@solana/rpc-parsed-types": "5.4.0", "@solana/rpc-spec": "5.4.0", "@solana/rpc-transformers": "5.4.0", "@solana/rpc-types": "5.4.0", "@solana/transaction-messages": "5.4.0", "@solana/transactions": "5.4.0" }, "peerDependencies": { "typescript": "^5.0.0" }, "optionalPeers": ["typescript"] }, "sha512-FJL6KaAsQ4DhfhLKKMcqbTpToNFwHlABCemIpOunE3OSqJFDrmc/NbsEaLIoeHyIg3d1Imo49GIUOn2TEouFUA=="],

    "@solana/rpc-parsed-types": ["@solana/rpc-parsed-types@5.4.0", "", { "peerDependencies": { "typescript": "^5.0.0" }, "optionalPeers": ["typescript"] }, "sha512-IRQuSzx+Sj1A3XGiIzguNZlMjMMybXTTjV/RnTwBgnJQPd/H4us4pfPD94r+/yolWDVfGjJRm04hnKVMjJU8Rg=="],

    "@solana/rpc-spec": ["@solana/rpc-spec@5.4.0", "", { "dependencies": { "@solana/errors": "5.4.0", "@solana/rpc-spec-types": "5.4.0" }, "peerDependencies": { "typescript": "^5.0.0" }, "optionalPeers": ["typescript"] }, "sha512-XMhxBb1GuZ3Kaeu5WNHB5KteCQ/aVuMByZmUKPqaanD+gs5MQZr0g62CvN7iwRlFU7GC18Q73ROWR3/JjzbXTA=="],

    "@solana/rpc-spec-types": ["@solana/rpc-spec-types@5.4.0", "", { "peerDependencies": { "typescript": "^5.0.0" }, "optionalPeers": ["typescript"] }, "sha512-JU9hC5/iyJx30ym17gpoXDtT9rCbO6hLpB6UDhSFFoNeirxtTVb4OdnKtsjJDfXAiXsynJRsZRwfj3vGxRLgQw=="],

    "@solana/rpc-subscriptions": ["@solana/rpc-subscriptions@5.4.0", "", { "dependencies": { "@solana/errors": "5.4.0", "@solana/fast-stable-stringify": "5.4.0", "@solana/functional": "5.4.0", "@solana/promises": "5.4.0", "@solana/rpc-spec-types": "5.4.0", "@solana/rpc-subscriptions-api": "5.4.0", "@solana/rpc-subscriptions-channel-websocket": "5.4.0", "@solana/rpc-subscriptions-spec": "5.4.0", "@solana/rpc-transformers": "5.4.0", "@solana/rpc-types": "5.4.0", "@solana/subscribable": "5.4.0" }, "peerDependencies": { "typescript": "^5.0.0" }, "optionalPeers": ["typescript"] }, "sha512-051t1CEjjAzM9ohjj2zb3ED70yeS3ZY8J5wSytL6tthTGImw/JB2a0D9DWMOKriFKt496n95IC+IdpJ35CpBWA=="],

    "@solana/rpc-subscriptions-api": ["@solana/rpc-subscriptions-api@5.4.0", "", { "dependencies": { "@solana/addresses": "5.4.0", "@solana/keys": "5.4.0", "@solana/rpc-subscriptions-spec": "5.4.0", "@solana/rpc-transformers": "5.4.0", "@solana/rpc-types": "5.4.0", "@solana/transaction-messages": "5.4.0", "@solana/transactions": "5.4.0" }, "peerDependencies": { "typescript": "^5.0.0" }, "optionalPeers": ["typescript"] }, "sha512-euAFIG6ruEsqK+MsrL1tGSMbbOumm8UAyGzlD/kmXsAqqhcVsSeZdv5+BMIHIBsQ93GHcloA8UYw1BTPhpgl9w=="],

    "@solana/rpc-subscriptions-channel-websocket": ["@solana/rpc-subscriptions-channel-websocket@5.4.0", "", { "dependencies": { "@solana/errors": "5.4.0", "@solana/functional": "5.4.0", "@solana/rpc-subscriptions-spec": "5.4.0", "@solana/subscribable": "5.4.0", "ws": "^8.19.0" }, "peerDependencies": { "typescript": "^5.0.0" }, "optionalPeers": ["typescript"] }, "sha512-kWCmlW65MccxqXwKsIz+LkXUYQizgvBrrgYOkyclJHPa+zx4gqJjam87+wzvO9cfbDZRer3wtJBaRm61gTHNbw=="],

    "@solana/rpc-subscriptions-spec": ["@solana/rpc-subscriptions-spec@5.4.0", "", { "dependencies": { "@solana/errors": "5.4.0", "@solana/promises": "5.4.0", "@solana/rpc-spec-types": "5.4.0", "@solana/subscribable": "5.4.0" }, "peerDependencies": { "typescript": "^5.0.0" }, "optionalPeers": ["typescript"] }, "sha512-ELaV9Z39GtKyUO0++he00ymWleb07QXYJhSfA0e1N5Q9hXu/Y366kgXHDcbZ/oUJkT3ylNgTupkrsdtiy8Ryow=="],

    "@solana/rpc-transformers": ["@solana/rpc-transformers@5.4.0", "", { "dependencies": { "@solana/errors": "5.4.0", "@solana/functional": "5.4.0", "@solana/nominal-types": "5.4.0", "@solana/rpc-spec-types": "5.4.0", "@solana/rpc-types": "5.4.0" }, "peerDependencies": { "typescript": "^5.0.0" }, "optionalPeers": ["typescript"] }, "sha512-dZ8keYloLW+eRAwAPb471uWCFs58yHloLoI+QH0FulYpsSJ7F2BNWYcdnjSS/WiggsNcU6DhpWzYAzlEY66lGQ=="],

    "@solana/rpc-transport-http": ["@solana/rpc-transport-http@5.4.0", "", { "dependencies": { "@solana/errors": "5.4.0", "@solana/rpc-spec": "5.4.0", "@solana/rpc-spec-types": "5.4.0", "undici-types": "^7.18.2" }, "peerDependencies": { "typescript": "^5.0.0" }, "optionalPeers": ["typescript"] }, "sha512-vidA+Qtqrnqp3QSVumWHdWJ/986yCr5+qX3fbc9KPm9Ofoto88OMWB/oLJvi2Tfges1UBu/jl+lJdsVckCM1bA=="],

    "@solana/rpc-types": ["@solana/rpc-types@5.4.0", "", { "dependencies": { "@solana/addresses": "5.4.0", "@solana/codecs-core": "5.4.0", "@solana/codecs-numbers": "5.4.0", "@solana/codecs-strings": "5.4.0", "@solana/errors": "5.4.0", "@solana/nominal-types": "5.4.0" }, "peerDependencies": { "typescript": "^5.0.0" }, "optionalPeers": ["typescript"] }, "sha512-+C4N4/5AYzBdt3Y2yzkScknScy/jTx6wfvuJIY9XjOXtdDyZ8TmrnMwdPMTZPGLdLuHplJwlwy1acu/4hqmrBQ=="],

    "@solana/signers": ["@solana/signers@5.4.0", "", { "dependencies": { "@solana/addresses": "5.4.0", "@solana/codecs-core": "5.4.0", "@solana/errors": "5.4.0", "@solana/instructions": "5.4.0", "@solana/keys": "5.4.0", "@solana/nominal-types": "5.4.0", "@solana/offchain-messages": "5.4.0", "@solana/transaction-messages": "5.4.0", "@solana/transactions": "5.4.0" }, "peerDependencies": { "typescript": "^5.0.0" }, "optionalPeers": ["typescript"] }, "sha512-s+fZxpi6UPr6XNk2pH/R84WjNRoSktrgG8AGNfsj/V8MJ++eKX7hhIf4JsHZtnnQXXrHmS3ozB2oHlc8yEJvCQ=="],

    "@solana/subscribable": ["@solana/subscribable@5.4.0", "", { "dependencies": { "@solana/errors": "5.4.0" }, "peerDependencies": { "typescript": "^5.0.0" }, "optionalPeers": ["typescript"] }, "sha512-72LmfNX7UENgA24sn/xjlWpPAOsrxkWb9DQhuPZxly/gq8rl/rvr7Xu9qBkvFF2po9XpdUrKlccqY4awvfpltA=="],

    "@solana/sysvars": ["@solana/sysvars@5.4.0", "", { "dependencies": { "@solana/accounts": "5.4.0", "@solana/codecs": "5.4.0", "@solana/errors": "5.4.0", "@solana/rpc-types": "5.4.0" }, "peerDependencies": { "typescript": "^5.0.0" }, "optionalPeers": ["typescript"] }, "sha512-A5NES7sOlFmpnsiEts5vgyL3NXrt/tGGVSEjlEGvsgwl5EDZNv+xWnNA400uMDqd9O3a5PmH7p/6NsgR+kUzSg=="],

    "@solana/transaction-confirmation": ["@solana/transaction-confirmation@5.4.0", "", { "dependencies": { "@solana/addresses": "5.4.0", "@solana/codecs-strings": "5.4.0", "@solana/errors": "5.4.0", "@solana/keys": "5.4.0", "@solana/promises": "5.4.0", "@solana/rpc": "5.4.0", "@solana/rpc-subscriptions": "5.4.0", "@solana/rpc-types": "5.4.0", "@solana/transaction-messages": "5.4.0", "@solana/transactions": "5.4.0" }, "peerDependencies": { "typescript": "^5.0.0" }, "optionalPeers": ["typescript"] }, "sha512-EdSDgxs84/4gkjQw2r7N+Kgus8x9U+NFo0ufVG+48V8Hzy2t0rlBuXgIxwx0zZwUuTIgaKhpIutJgVncwZ5koA=="],

    "@solana/transaction-messages": ["@solana/transaction-messages@5.4.0", "", { "dependencies": { "@solana/addresses": "5.4.0", "@solana/codecs-core": "5.4.0", "@solana/codecs-data-structures": "5.4.0", "@solana/codecs-numbers": "5.4.0", "@solana/errors": "5.4.0", "@solana/functional": "5.4.0", "@solana/instructions": "5.4.0", "@solana/nominal-types": "5.4.0", "@solana/rpc-types": "5.4.0" }, "peerDependencies": { "typescript": "^5.0.0" }, "optionalPeers": ["typescript"] }, "sha512-qd/3kZDaPiHM0amhn3vXnupfcsFTVz6CYuHXvq9HFv/fq32+5Kp1FMLnmHwoSxQxdTMDghPdOhC4vhNhuWmuVQ=="],

    "@solana/transactions": ["@solana/transactions@5.4.0", "", { "dependencies": { "@solana/addresses": "5.4.0", "@solana/codecs-core": "5.4.0", "@solana/codecs-data-structures": "5.4.0", "@solana/codecs-numbers": "5.4.0", "@solana/codecs-strings": "5.4.0", "@solana/errors": "5.4.0", "@solana/functional": "5.4.0", "@solana/instructions": "5.4.0", "@solana/keys": "5.4.0", "@solana/nominal-types": "5.4.0", "@solana/rpc-types": "5.4.0", "@solana/transaction-messages": "5.4.0" }, "peerDependencies": { "typescript": "^5.0.0" }, "optionalPeers": ["typescript"] }, "sha512-OuY4M4x/xna8KZQIrz8tSrI9EEul9Od97XejqFmGGkEjbRsUOfJW8705TveTW8jU3bd5RGecFYscPgS2F+m7jQ=="],

    "chalk": ["chalk@5.6.2", "", {}, "sha512-7NzBL0rN6fMUW+f7A6Io4h40qQlG+xGmtMxfbnH/K7TAtt8JQWVQK+6g0UXKMeVJoyV5EkkNsErQ8pVD3bLHbA=="],

    "commander": ["commander@14.0.2", "", {}, "sha512-TywoWNNRbhoD0BXs1P3ZEScW8W5iKrnbithIl0YH+uCmBd0QpPOA8yc82DS3BIE5Ma6FnBVUsJ7wVUDz4dvOWQ=="],

    "undici-types": ["undici-types@7.18.2", "", {}, "sha512-AsuCzffGHJybSaRrmr5eHr81mwJU3kjw6M+uprWvCXiNeN9SOGwQ3Jn8jb8m3Z6izVgknn1R0FTCEAP2QrLY/w=="],

    "ws": ["ws@8.19.0", "", { "peerDependencies": { "bufferutil": "^4.0.1", "utf-8-validate": ">=5.0.2" }, "optionalPeers": ["bufferutil", "utf-8-validate"] }, "sha512-blAT2mjOEIi0ZzruJfIhb3nps74PRWTCz1IjglWEEpQl5XS/UNama6u2/rjFkDDouqr4L67ry+1aGIALViWjDg=="],
  }
}
